dependencies:
- name: infra-network-cert-manager
  repository: file://cert-manager
  version: 0.1.0
- name: cert-manager
  repository: https://charts.jetstack.io
  version: v1.18.2
digest: sha256:b8449f2fe1e6083b15756938ffe3dd9445f9a3c6530c2b38980982843feef00b
generated: "2025-12-14T22:17:20.442257+01:00"
