dependencies:
- name: base
  repository: https://istio-release.storage.googleapis.com/charts
  version: 1.28.2
- name: istiod
  repository: https://istio-release.storage.googleapis.com/charts
  version: 1.28.2
digest: sha256:6c4d5eed51db4ce2b0f14aed64afa32633fdd716307205db75e902a3be4f4e4c
generated: "2025-12-30T10:31:57.428053+01:00"
