dependencies:
- name: base
  repository: https://istio-release.storage.googleapis.com/charts
  version: 1.20.4
- name: istiod
  repository: https://istio-release.storage.googleapis.com/charts
  version: 1.20.4
digest: sha256:88adf37efce3c2029d626d8fe15bda84725f6ff8bdc9ad383664b7b37882809e
generated: "2025-12-15T23:52:22.114542+01:00"
